
Microsoft Visual Studio Solution File, Format Version 12.00
# Visual Studio Version 17
VisualStudioVersion = 17.5.33502.453
MinimumVisualStudioVersion = 10.0.40219.1
Project("{FAE04EC0-301F-11D3-BF4B-00C04F79EFBC}") = "WpfAppVsNet4", "WpfAppVsNet4\WpfAppVsNet4.csproj", "{2D376520-0F2F-453E-B7D1-FDBF2884E470}"
EndProject
Project("{FAE04EC0-301F-11D3-BF4B-00C04F79EFBC}") = "CustomBehaviorsLibrary", "CustomBehaviorsLibrary\CustomBehaviorsLibrary.csproj", "{AE3D1A7F-14D0-484D-BB00-9CB246E70F84}"
EndProject
Project("{FAE04EC0-301F-11D3-BF4B-00C04F79EFBC}") = "WpfDraw", "WpfDraw\WpfDraw.csproj", "{C81F83B2-B519-4895-A1DA-4EAB933B5232}"
EndProject
Project("{FAE04EC0-301F-11D3-BF4B-00C04F79EFBC}") = "WpfAnimate", "WpfAnimate\WpfAnimate.csproj", "{DB4A414E-4779-47A4-87D9-DF37DA502D00}"
EndProject
Project("{FAE04EC0-301F-11D3-BF4B-00C04F79EFBC}") = "WpfApp1", "WpfApp1\WpfApp1.csproj", "{F923B078-DC90-4337-A6D7-F8743743842C}"
EndProject
Project("{FAE04EC0-301F-11D3-BF4B-00C04F79EFBC}") = "AopDemo", "AopDemo\AopDemo.csproj", "{ACA2F937-2393-4467-954B-7D211FED2607}"
EndProject
Project("{FAE04EC0-301F-11D3-BF4B-00C04F79EFBC}") = "WpfCustomControls", "WpfCustomControls\WpfCustomControls.csproj", "{98060A83-B41E-4269-9BA9-D1163786DDB3}"
EndProject
Project("{FAE04EC0-301F-11D3-BF4B-00C04F79EFBC}") = "ModbusDemo", "ModbusDemo\ModbusDemo.csproj", "{6D78F234-0132-413F-B835-9B51385C47A6}"
EndProject
Project("{9A19103F-16F7-4668-BE54-9A1E7A4F7556}") = "WpfListViewDemo", "WpfListViewDemo\WpfListViewDemo.csproj", "{88A00E88-4740-4269-9010-85C858F10913}"
EndProject
Project("{8BC9CEB8-8B4A-11D0-8D11-00A0C91BC942}") = "CppDemo", "CppDemo\CppDemo.vcxproj", "{93AA1293-E69C-4D12-A61D-62D008A38127}"
EndProject
Project("{9A19103F-16F7-4668-BE54-9A1E7A4F7556}") = "WpfGmap", "WpfGmap\WpfGmap.csproj", "{A3799373-C63D-45E0-821A-D942A5F19A8E}"
EndProject
Project("{FAE04EC0-301F-11D3-BF4B-00C04F79EFBC}") = "MqttClientTest", "MqttClientTest\MqttClientTest.csproj", "{4C9E1B14-A702-47E4-B7AA-C552635BCCE1}"
EndProject
Project("{FAE04EC0-301F-11D3-BF4B-00C04F79EFBC}") = "WpfDateTimePicker", "WpfDateTimePicker\WpfDateTimePicker.csproj", "{B122B5FB-60FD-464C-B4D3-1CD673957991}"
EndProject
Project("{FAE04EC0-301F-11D3-BF4B-00C04F79EFBC}") = "WpfApp2", "WpfApp2\WpfApp2.csproj", "{5B881023-C658-4B6A-A2DC-6D827094F410}"
EndProject
Project("{FAE04EC0-301F-11D3-BF4B-00C04F79EFBC}") = "DemoFody", "DemoFody\DemoFody.csproj", "{C3C6F033-B75E-4877-A9B1-7B973C542289}"
EndProject
Project("{FAE04EC0-301F-11D3-BF4B-00C04F79EFBC}") = "DemoStylet", "DemoStylet\DemoStylet.csproj", "{5EE36DD1-72CE-48EF-9F4F-03B136165DDB}"
EndProject
Global
	GlobalSection(SolutionConfigurationPlatforms) = preSolution
		Debug|Any CPU = Debug|Any CPU
		Debug|x64 = Debug|x64
		Debug|x86 = Debug|x86
		Release|Any CPU = Release|Any CPU
		Release|x64 = Release|x64
		Release|x86 = Release|x86
	EndGlobalSection
	GlobalSection(ProjectConfigurationPlatforms) = postSolution
		{2D376520-0F2F-453E-B7D1-FDBF2884E470}.Debug|Any CPU.ActiveCfg = Debug|Any CPU
		{2D376520-0F2F-453E-B7D1-FDBF2884E470}.Debug|Any CPU.Build.0 = Debug|Any CPU
		{2D376520-0F2F-453E-B7D1-FDBF2884E470}.Debug|x64.ActiveCfg = Debug|Any CPU
		{2D376520-0F2F-453E-B7D1-FDBF2884E470}.Debug|x64.Build.0 = Debug|Any CPU
		{2D376520-0F2F-453E-B7D1-FDBF2884E470}.Debug|x86.ActiveCfg = Debug|Any CPU
		{2D376520-0F2F-453E-B7D1-FDBF2884E470}.Debug|x86.Build.0 = Debug|Any CPU
		{2D376520-0F2F-453E-B7D1-FDBF2884E470}.Release|Any CPU.ActiveCfg = Release|Any CPU
		{2D376520-0F2F-453E-B7D1-FDBF2884E470}.Release|Any CPU.Build.0 = Release|Any CPU
		{2D376520-0F2F-453E-B7D1-FDBF2884E470}.Release|x64.ActiveCfg = Release|Any CPU
		{2D376520-0F2F-453E-B7D1-FDBF2884E470}.Release|x64.Build.0 = Release|Any CPU
		{2D376520-0F2F-453E-B7D1-FDBF2884E470}.Release|x86.ActiveCfg = Release|Any CPU
		{2D376520-0F2F-453E-B7D1-FDBF2884E470}.Release|x86.Build.0 = Release|Any CPU
		{AE3D1A7F-14D0-484D-BB00-9CB246E70F84}.Debug|Any CPU.ActiveCfg = Debug|Any CPU
		{AE3D1A7F-14D0-484D-BB00-9CB246E70F84}.Debug|Any CPU.Build.0 = Debug|Any CPU
		{AE3D1A7F-14D0-484D-BB00-9CB246E70F84}.Debug|x64.ActiveCfg = Debug|Any CPU
		{AE3D1A7F-14D0-484D-BB00-9CB246E70F84}.Debug|x64.Build.0 = Debug|Any CPU
		{AE3D1A7F-14D0-484D-BB00-9CB246E70F84}.Debug|x86.ActiveCfg = Debug|Any CPU
		{AE3D1A7F-14D0-484D-BB00-9CB246E70F84}.Debug|x86.Build.0 = Debug|Any CPU
		{AE3D1A7F-14D0-484D-BB00-9CB246E70F84}.Release|Any CPU.ActiveCfg = Release|Any CPU
		{AE3D1A7F-14D0-484D-BB00-9CB246E70F84}.Release|Any CPU.Build.0 = Release|Any CPU
		{AE3D1A7F-14D0-484D-BB00-9CB246E70F84}.Release|x64.ActiveCfg = Release|Any CPU
		{AE3D1A7F-14D0-484D-BB00-9CB246E70F84}.Release|x64.Build.0 = Release|Any CPU
		{AE3D1A7F-14D0-484D-BB00-9CB246E70F84}.Release|x86.ActiveCfg = Release|Any CPU
		{AE3D1A7F-14D0-484D-BB00-9CB246E70F84}.Release|x86.Build.0 = Release|Any CPU
		{C81F83B2-B519-4895-A1DA-4EAB933B5232}.Debug|Any CPU.ActiveCfg = Debug|Any CPU
		{C81F83B2-B519-4895-A1DA-4EAB933B5232}.Debug|Any CPU.Build.0 = Debug|Any CPU
		{C81F83B2-B519-4895-A1DA-4EAB933B5232}.Debug|x64.ActiveCfg = Debug|Any CPU
		{C81F83B2-B519-4895-A1DA-4EAB933B5232}.Debug|x64.Build.0 = Debug|Any CPU
		{C81F83B2-B519-4895-A1DA-4EAB933B5232}.Debug|x86.ActiveCfg = Debug|Any CPU
		{C81F83B2-B519-4895-A1DA-4EAB933B5232}.Debug|x86.Build.0 = Debug|Any CPU
		{C81F83B2-B519-4895-A1DA-4EAB933B5232}.Release|Any CPU.ActiveCfg = Release|Any CPU
		{C81F83B2-B519-4895-A1DA-4EAB933B5232}.Release|Any CPU.Build.0 = Release|Any CPU
		{C81F83B2-B519-4895-A1DA-4EAB933B5232}.Release|x64.ActiveCfg = Release|Any CPU
		{C81F83B2-B519-4895-A1DA-4EAB933B5232}.Release|x64.Build.0 = Release|Any CPU
		{C81F83B2-B519-4895-A1DA-4EAB933B5232}.Release|x86.ActiveCfg = Release|Any CPU
		{C81F83B2-B519-4895-A1DA-4EAB933B5232}.Release|x86.Build.0 = Release|Any CPU
		{DB4A414E-4779-47A4-87D9-DF37DA502D00}.Debug|Any CPU.ActiveCfg = Debug|Any CPU
		{DB4A414E-4779-47A4-87D9-DF37DA502D00}.Debug|Any CPU.Build.0 = Debug|Any CPU
		{DB4A414E-4779-47A4-87D9-DF37DA502D00}.Debug|x64.ActiveCfg = Debug|Any CPU
		{DB4A414E-4779-47A4-87D9-DF37DA502D00}.Debug|x64.Build.0 = Debug|Any CPU
		{DB4A414E-4779-47A4-87D9-DF37DA502D00}.Debug|x86.ActiveCfg = Debug|Any CPU
		{DB4A414E-4779-47A4-87D9-DF37DA502D00}.Debug|x86.Build.0 = Debug|Any CPU
		{DB4A414E-4779-47A4-87D9-DF37DA502D00}.Release|Any CPU.ActiveCfg = Release|Any CPU
		{DB4A414E-4779-47A4-87D9-DF37DA502D00}.Release|Any CPU.Build.0 = Release|Any CPU
		{DB4A414E-4779-47A4-87D9-DF37DA502D00}.Release|x64.ActiveCfg = Release|Any CPU
		{DB4A414E-4779-47A4-87D9-DF37DA502D00}.Release|x64.Build.0 = Release|Any CPU
		{DB4A414E-4779-47A4-87D9-DF37DA502D00}.Release|x86.ActiveCfg = Release|Any CPU
		{DB4A414E-4779-47A4-87D9-DF37DA502D00}.Release|x86.Build.0 = Release|Any CPU
		{F923B078-DC90-4337-A6D7-F8743743842C}.Debug|Any CPU.ActiveCfg = Debug|Any CPU
		{F923B078-DC90-4337-A6D7-F8743743842C}.Debug|Any CPU.Build.0 = Debug|Any CPU
		{F923B078-DC90-4337-A6D7-F8743743842C}.Debug|x64.ActiveCfg = Debug|Any CPU
		{F923B078-DC90-4337-A6D7-F8743743842C}.Debug|x64.Build.0 = Debug|Any CPU
		{F923B078-DC90-4337-A6D7-F8743743842C}.Debug|x86.ActiveCfg = Debug|Any CPU
		{F923B078-DC90-4337-A6D7-F8743743842C}.Debug|x86.Build.0 = Debug|Any CPU
		{F923B078-DC90-4337-A6D7-F8743743842C}.Release|Any CPU.ActiveCfg = Release|Any CPU
		{F923B078-DC90-4337-A6D7-F8743743842C}.Release|Any CPU.Build.0 = Release|Any CPU
		{F923B078-DC90-4337-A6D7-F8743743842C}.Release|x64.ActiveCfg = Release|Any CPU
		{F923B078-DC90-4337-A6D7-F8743743842C}.Release|x64.Build.0 = Release|Any CPU
		{F923B078-DC90-4337-A6D7-F8743743842C}.Release|x86.ActiveCfg = Release|Any CPU
		{F923B078-DC90-4337-A6D7-F8743743842C}.Release|x86.Build.0 = Release|Any CPU
		{ACA2F937-2393-4467-954B-7D211FED2607}.Debug|Any CPU.ActiveCfg = Debug|Any CPU
		{ACA2F937-2393-4467-954B-7D211FED2607}.Debug|Any CPU.Build.0 = Debug|Any CPU
		{ACA2F937-2393-4467-954B-7D211FED2607}.Debug|x64.ActiveCfg = Debug|Any CPU
		{ACA2F937-2393-4467-954B-7D211FED2607}.Debug|x64.Build.0 = Debug|Any CPU
		{ACA2F937-2393-4467-954B-7D211FED2607}.Debug|x86.ActiveCfg = Debug|Any CPU
		{ACA2F937-2393-4467-954B-7D211FED2607}.Debug|x86.Build.0 = Debug|Any CPU
		{ACA2F937-2393-4467-954B-7D211FED2607}.Release|Any CPU.ActiveCfg = Release|Any CPU
		{ACA2F937-2393-4467-954B-7D211FED2607}.Release|Any CPU.Build.0 = Release|Any CPU
		{ACA2F937-2393-4467-954B-7D211FED2607}.Release|x64.ActiveCfg = Release|Any CPU
		{ACA2F937-2393-4467-954B-7D211FED2607}.Release|x64.Build.0 = Release|Any CPU
		{ACA2F937-2393-4467-954B-7D211FED2607}.Release|x86.ActiveCfg = Release|Any CPU
		{ACA2F937-2393-4467-954B-7D211FED2607}.Release|x86.Build.0 = Release|Any CPU
		{98060A83-B41E-4269-9BA9-D1163786DDB3}.Debug|Any CPU.ActiveCfg = Debug|Any CPU
		{98060A83-B41E-4269-9BA9-D1163786DDB3}.Debug|Any CPU.Build.0 = Debug|Any CPU
		{98060A83-B41E-4269-9BA9-D1163786DDB3}.Debug|x64.ActiveCfg = Debug|Any CPU
		{98060A83-B41E-4269-9BA9-D1163786DDB3}.Debug|x64.Build.0 = Debug|Any CPU
		{98060A83-B41E-4269-9BA9-D1163786DDB3}.Debug|x86.ActiveCfg = Debug|Any CPU
		{98060A83-B41E-4269-9BA9-D1163786DDB3}.Debug|x86.Build.0 = Debug|Any CPU
		{98060A83-B41E-4269-9BA9-D1163786DDB3}.Release|Any CPU.ActiveCfg = Release|Any CPU
		{98060A83-B41E-4269-9BA9-D1163786DDB3}.Release|Any CPU.Build.0 = Release|Any CPU
		{98060A83-B41E-4269-9BA9-D1163786DDB3}.Release|x64.ActiveCfg = Release|Any CPU
		{98060A83-B41E-4269-9BA9-D1163786DDB3}.Release|x64.Build.0 = Release|Any CPU
		{98060A83-B41E-4269-9BA9-D1163786DDB3}.Release|x86.ActiveCfg = Release|Any CPU
		{98060A83-B41E-4269-9BA9-D1163786DDB3}.Release|x86.Build.0 = Release|Any CPU
		{6D78F234-0132-413F-B835-9B51385C47A6}.Debug|Any CPU.ActiveCfg = Debug|Any CPU
		{6D78F234-0132-413F-B835-9B51385C47A6}.Debug|Any CPU.Build.0 = Debug|Any CPU
		{6D78F234-0132-413F-B835-9B51385C47A6}.Debug|x64.ActiveCfg = Debug|Any CPU
		{6D78F234-0132-413F-B835-9B51385C47A6}.Debug|x64.Build.0 = Debug|Any CPU
		{6D78F234-0132-413F-B835-9B51385C47A6}.Debug|x86.ActiveCfg = Debug|Any CPU
		{6D78F234-0132-413F-B835-9B51385C47A6}.Debug|x86.Build.0 = Debug|Any CPU
		{6D78F234-0132-413F-B835-9B51385C47A6}.Release|Any CPU.ActiveCfg = Release|Any CPU
		{6D78F234-0132-413F-B835-9B51385C47A6}.Release|Any CPU.Build.0 = Release|Any CPU
		{6D78F234-0132-413F-B835-9B51385C47A6}.Release|x64.ActiveCfg = Release|Any CPU
		{6D78F234-0132-413F-B835-9B51385C47A6}.Release|x64.Build.0 = Release|Any CPU
		{6D78F234-0132-413F-B835-9B51385C47A6}.Release|x86.ActiveCfg = Release|Any CPU
		{6D78F234-0132-413F-B835-9B51385C47A6}.Release|x86.Build.0 = Release|Any CPU
		{88A00E88-4740-4269-9010-85C858F10913}.Debug|Any CPU.ActiveCfg = Debug|Any CPU
		{88A00E88-4740-4269-9010-85C858F10913}.Debug|Any CPU.Build.0 = Debug|Any CPU
		{88A00E88-4740-4269-9010-85C858F10913}.Debug|x64.ActiveCfg = Debug|Any CPU
		{88A00E88-4740-4269-9010-85C858F10913}.Debug|x64.Build.0 = Debug|Any CPU
		{88A00E88-4740-4269-9010-85C858F10913}.Debug|x86.ActiveCfg = Debug|Any CPU
		{88A00E88-4740-4269-9010-85C858F10913}.Debug|x86.Build.0 = Debug|Any CPU
		{88A00E88-4740-4269-9010-85C858F10913}.Release|Any CPU.ActiveCfg = Release|Any CPU
		{88A00E88-4740-4269-9010-85C858F10913}.Release|Any CPU.Build.0 = Release|Any CPU
		{88A00E88-4740-4269-9010-85C858F10913}.Release|x64.ActiveCfg = Release|Any CPU
		{88A00E88-4740-4269-9010-85C858F10913}.Release|x64.Build.0 = Release|Any CPU
		{88A00E88-4740-4269-9010-85C858F10913}.Release|x86.ActiveCfg = Release|Any CPU
		{88A00E88-4740-4269-9010-85C858F10913}.Release|x86.Build.0 = Release|Any CPU
		{93AA1293-E69C-4D12-A61D-62D008A38127}.Debug|Any CPU.ActiveCfg = Debug|x64
		{93AA1293-E69C-4D12-A61D-62D008A38127}.Debug|Any CPU.Build.0 = Debug|x64
		{93AA1293-E69C-4D12-A61D-62D008A38127}.Debug|x64.ActiveCfg = Debug|x64
		{93AA1293-E69C-4D12-A61D-62D008A38127}.Debug|x64.Build.0 = Debug|x64
		{93AA1293-E69C-4D12-A61D-62D008A38127}.Debug|x86.ActiveCfg = Debug|Win32
		{93AA1293-E69C-4D12-A61D-62D008A38127}.Debug|x86.Build.0 = Debug|Win32
		{93AA1293-E69C-4D12-A61D-62D008A38127}.Release|Any CPU.ActiveCfg = Release|x64
		{93AA1293-E69C-4D12-A61D-62D008A38127}.Release|Any CPU.Build.0 = Release|x64
		{93AA1293-E69C-4D12-A61D-62D008A38127}.Release|x64.ActiveCfg = Release|x64
		{93AA1293-E69C-4D12-A61D-62D008A38127}.Release|x64.Build.0 = Release|x64
		{93AA1293-E69C-4D12-A61D-62D008A38127}.Release|x86.ActiveCfg = Release|Win32
		{93AA1293-E69C-4D12-A61D-62D008A38127}.Release|x86.Build.0 = Release|Win32
		{A3799373-C63D-45E0-821A-D942A5F19A8E}.Debug|Any CPU.ActiveCfg = Debug|Any CPU
		{A3799373-C63D-45E0-821A-D942A5F19A8E}.Debug|Any CPU.Build.0 = Debug|Any CPU
		{A3799373-C63D-45E0-821A-D942A5F19A8E}.Debug|x64.ActiveCfg = Debug|Any CPU
		{A3799373-C63D-45E0-821A-D942A5F19A8E}.Debug|x64.Build.0 = Debug|Any CPU
		{A3799373-C63D-45E0-821A-D942A5F19A8E}.Debug|x86.ActiveCfg = Debug|Any CPU
		{A3799373-C63D-45E0-821A-D942A5F19A8E}.Debug|x86.Build.0 = Debug|Any CPU
		{A3799373-C63D-45E0-821A-D942A5F19A8E}.Release|Any CPU.ActiveCfg = Release|Any CPU
		{A3799373-C63D-45E0-821A-D942A5F19A8E}.Release|Any CPU.Build.0 = Release|Any CPU
		{A3799373-C63D-45E0-821A-D942A5F19A8E}.Release|x64.ActiveCfg = Release|Any CPU
		{A3799373-C63D-45E0-821A-D942A5F19A8E}.Release|x64.Build.0 = Release|Any CPU
		{A3799373-C63D-45E0-821A-D942A5F19A8E}.Release|x86.ActiveCfg = Release|Any CPU
		{A3799373-C63D-45E0-821A-D942A5F19A8E}.Release|x86.Build.0 = Release|Any CPU
		{4C9E1B14-A702-47E4-B7AA-C552635BCCE1}.Debug|Any CPU.ActiveCfg = Debug|Any CPU
		{4C9E1B14-A702-47E4-B7AA-C552635BCCE1}.Debug|Any CPU.Build.0 = Debug|Any CPU
		{4C9E1B14-A702-47E4-B7AA-C552635BCCE1}.Debug|x64.ActiveCfg = Debug|Any CPU
		{4C9E1B14-A702-47E4-B7AA-C552635BCCE1}.Debug|x64.Build.0 = Debug|Any CPU
		{4C9E1B14-A702-47E4-B7AA-C552635BCCE1}.Debug|x86.ActiveCfg = Debug|Any CPU
		{4C9E1B14-A702-47E4-B7AA-C552635BCCE1}.Debug|x86.Build.0 = Debug|Any CPU
		{4C9E1B14-A702-47E4-B7AA-C552635BCCE1}.Release|Any CPU.ActiveCfg = Release|Any CPU
		{4C9E1B14-A702-47E4-B7AA-C552635BCCE1}.Release|Any CPU.Build.0 = Release|Any CPU
		{4C9E1B14-A702-47E4-B7AA-C552635BCCE1}.Release|x64.ActiveCfg = Release|Any CPU
		{4C9E1B14-A702-47E4-B7AA-C552635BCCE1}.Release|x64.Build.0 = Release|Any CPU
		{4C9E1B14-A702-47E4-B7AA-C552635BCCE1}.Release|x86.ActiveCfg = Release|Any CPU
		{4C9E1B14-A702-47E4-B7AA-C552635BCCE1}.Release|x86.Build.0 = Release|Any CPU
		{B122B5FB-60FD-464C-B4D3-1CD673957991}.Debug|Any CPU.ActiveCfg = Debug|Any CPU
		{B122B5FB-60FD-464C-B4D3-1CD673957991}.Debug|Any CPU.Build.0 = Debug|Any CPU
		{B122B5FB-60FD-464C-B4D3-1CD673957991}.Debug|x64.ActiveCfg = Debug|Any CPU
		{B122B5FB-60FD-464C-B4D3-1CD673957991}.Debug|x64.Build.0 = Debug|Any CPU
		{B122B5FB-60FD-464C-B4D3-1CD673957991}.Debug|x86.ActiveCfg = Debug|Any CPU
		{B122B5FB-60FD-464C-B4D3-1CD673957991}.Debug|x86.Build.0 = Debug|Any CPU
		{B122B5FB-60FD-464C-B4D3-1CD673957991}.Release|Any CPU.ActiveCfg = Release|Any CPU
		{B122B5FB-60FD-464C-B4D3-1CD673957991}.Release|Any CPU.Build.0 = Release|Any CPU
		{B122B5FB-60FD-464C-B4D3-1CD673957991}.Release|x64.ActiveCfg = Release|Any CPU
		{B122B5FB-60FD-464C-B4D3-1CD673957991}.Release|x64.Build.0 = Release|Any CPU
		{B122B5FB-60FD-464C-B4D3-1CD673957991}.Release|x86.ActiveCfg = Release|Any CPU
		{B122B5FB-60FD-464C-B4D3-1CD673957991}.Release|x86.Build.0 = Release|Any CPU
		{5B881023-C658-4B6A-A2DC-6D827094F410}.Debug|Any CPU.ActiveCfg = Debug|Any CPU
		{5B881023-C658-4B6A-A2DC-6D827094F410}.Debug|Any CPU.Build.0 = Debug|Any CPU
		{5B881023-C658-4B6A-A2DC-6D827094F410}.Debug|x64.ActiveCfg = Debug|Any CPU
		{5B881023-C658-4B6A-A2DC-6D827094F410}.Debug|x64.Build.0 = Debug|Any CPU
		{5B881023-C658-4B6A-A2DC-6D827094F410}.Debug|x86.ActiveCfg = Debug|Any CPU
		{5B881023-C658-4B6A-A2DC-6D827094F410}.Debug|x86.Build.0 = Debug|Any CPU
		{5B881023-C658-4B6A-A2DC-6D827094F410}.Release|Any CPU.ActiveCfg = Release|Any CPU
		{5B881023-C658-4B6A-A2DC-6D827094F410}.Release|Any CPU.Build.0 = Release|Any CPU
		{5B881023-C658-4B6A-A2DC-6D827094F410}.Release|x64.ActiveCfg = Release|Any CPU
		{5B881023-C658-4B6A-A2DC-6D827094F410}.Release|x64.Build.0 = Release|Any CPU
		{5B881023-C658-4B6A-A2DC-6D827094F410}.Release|x86.ActiveCfg = Release|Any CPU
		{5B881023-C658-4B6A-A2DC-6D827094F410}.Release|x86.Build.0 = Release|Any CPU
		{C3C6F033-B75E-4877-A9B1-7B973C542289}.Debug|Any CPU.ActiveCfg = Debug|Any CPU
		{C3C6F033-B75E-4877-A9B1-7B973C542289}.Debug|Any CPU.Build.0 = Debug|Any CPU
		{C3C6F033-B75E-4877-A9B1-7B973C542289}.Debug|x64.ActiveCfg = Debug|Any CPU
		{C3C6F033-B75E-4877-A9B1-7B973C542289}.Debug|x64.Build.0 = Debug|Any CPU
		{C3C6F033-B75E-4877-A9B1-7B973C542289}.Debug|x86.ActiveCfg = Debug|Any CPU
		{C3C6F033-B75E-4877-A9B1-7B973C542289}.Debug|x86.Build.0 = Debug|Any CPU
		{C3C6F033-B75E-4877-A9B1-7B973C542289}.Release|Any CPU.ActiveCfg = Release|Any CPU
		{C3C6F033-B75E-4877-A9B1-7B973C542289}.Release|Any CPU.Build.0 = Release|Any CPU
		{C3C6F033-B75E-4877-A9B1-7B973C542289}.Release|x64.ActiveCfg = Release|Any CPU
		{C3C6F033-B75E-4877-A9B1-7B973C542289}.Release|x64.Build.0 = Release|Any CPU
		{C3C6F033-B75E-4877-A9B1-7B973C542289}.Release|x86.ActiveCfg = Release|Any CPU
		{C3C6F033-B75E-4877-A9B1-7B973C542289}.Release|x86.Build.0 = Release|Any CPU
		{5EE36DD1-72CE-48EF-9F4F-03B136165DDB}.Debug|Any CPU.ActiveCfg = Debug|Any CPU
		{5EE36DD1-72CE-48EF-9F4F-03B136165DDB}.Debug|Any CPU.Build.0 = Debug|Any CPU
		{5EE36DD1-72CE-48EF-9F4F-03B136165DDB}.Debug|x64.ActiveCfg = Debug|Any CPU
		{5EE36DD1-72CE-48EF-9F4F-03B136165DDB}.Debug|x64.Build.0 = Debug|Any CPU
		{5EE36DD1-72CE-48EF-9F4F-03B136165DDB}.Debug|x86.ActiveCfg = Debug|Any CPU
		{5EE36DD1-72CE-48EF-9F4F-03B136165DDB}.Debug|x86.Build.0 = Debug|Any CPU
		{5EE36DD1-72CE-48EF-9F4F-03B136165DDB}.Release|Any CPU.ActiveCfg = Release|Any CPU
		{5EE36DD1-72CE-48EF-9F4F-03B136165DDB}.Release|Any CPU.Build.0 = Release|Any CPU
		{5EE36DD1-72CE-48EF-9F4F-03B136165DDB}.Release|x64.ActiveCfg = Release|Any CPU
		{5EE36DD1-72CE-48EF-9F4F-03B136165DDB}.Release|x64.Build.0 = Release|Any CPU
		{5EE36DD1-72CE-48EF-9F4F-03B136165DDB}.Release|x86.ActiveCfg = Release|Any CPU
		{5EE36DD1-72CE-48EF-9F4F-03B136165DDB}.Release|x86.Build.0 = Release|Any CPU
	EndGlobalSection
	GlobalSection(SolutionProperties) = preSolution
		HideSolutionNode = FALSE
	EndGlobalSection
	GlobalSection(ExtensibilityGlobals) = postSolution
		SolutionGuid = {FEE08626-9366-48F8-8D9B-C62A0F30D4E0}
	EndGlobalSection
EndGlobal
